// !$*UTF8*$!
{
	archiveVersion = 1;
	classes = {
	};
	objectVersion = 51;
	objects = {

/* Begin PBXBuildFile section */
		3DA7CF1F4194D29E52BEFBD1 /* Pods_MujigaeTest.framework in Frameworks */ = {isa = PBXBuildFile; fileRef = 3D32E5ABAED563DD6CFE8322 /* Pods_MujigaeTest.framework */; };
		4E8F1732C7E502E9A8CC7B6D /* Pods_MujigaeTestTests.framework in Frameworks */ = {isa = PBXBuildFile; fileRef = C8610C4C4D0F1063ED5030E9 /* Pods_MujigaeTestTests.framework */; };
		FA601867239550700094EC23 /* AppDelegate.swift in Sources */ = {isa = PBXBuildFile; fileRef = FA601866239550700094EC23 /* AppDelegate.swift */; };
		FA60186E239550780094EC23 /* Assets.xcassets in Resources */ = {isa = PBXBuildFile; fileRef = FA60186D239550780094EC23 /* Assets.xcassets */; };
		FA601871239550780094EC23 /* LaunchScreen.storyboard in Resources */ = {isa = PBXBuildFile; fileRef = FA60186F239550780094EC23 /* LaunchScreen.storyboard */; };
		FA60187C239550780094EC23 /* MujigaeTestTests.swift in Sources */ = {isa = PBXBuildFile; fileRef = FA60187B239550780094EC23 /* MujigaeTestTests.swift */; };
		FA6018C4239572370094EC23 /* CategorySelectorContract.swift in Sources */ = {isa = PBXBuildFile; fileRef = FA6018BE239572370094EC23 /* CategorySelectorContract.swift */; };
		FA6018C5239572370094EC23 /* CategorySelectorPresenter.swift in Sources */ = {isa = PBXBuildFile; fileRef = FA6018BF239572370094EC23 /* CategorySelectorPresenter.swift */; };
		FA6018C6239572370094EC23 /* CategorySelectorRouter.swift in Sources */ = {isa = PBXBuildFile; fileRef = FA6018C0239572370094EC23 /* CategorySelectorRouter.swift */; };
		FA6018C7239572370094EC23 /* CategorySelectorViewController.swift in Sources */ = {isa = PBXBuildFile; fileRef = FA6018C1239572370094EC23 /* CategorySelectorViewController.swift */; };
		FA6018C8239572370094EC23 /* CategorySelectorInteractor.swift in Sources */ = {isa = PBXBuildFile; fileRef = FA6018C2239572370094EC23 /* CategorySelectorInteractor.swift */; };
		FA6018C9239572370094EC23 /* CategorySelectorViewController.xib in Resources */ = {isa = PBXBuildFile; fileRef = FA6018C3239572370094EC23 /* CategorySelectorViewController.xib */; };
		FA6018CD239574B90094EC23 /* NavigationExitType.swift in Sources */ = {isa = PBXBuildFile; fileRef = FA6018CC239574B90094EC23 /* NavigationExitType.swift */; };
		FA6018D0239578150094EC23 /* ProgressDialog.swift in Sources */ = {isa = PBXBuildFile; fileRef = FA6018CF239578150094EC23 /* ProgressDialog.swift */; };
		FA6018D22395788C0094EC23 /* ModuleBuilder.swift in Sources */ = {isa = PBXBuildFile; fileRef = FA6018D12395788C0094EC23 /* ModuleBuilder.swift */; };
		FA6018D423957BD90094EC23 /* BaseButton.swift in Sources */ = {isa = PBXBuildFile; fileRef = FA6018D323957BD90094EC23 /* BaseButton.swift */; };
		FA6018D723957CA80094EC23 /* extUIColor.swift in Sources */ = {isa = PBXBuildFile; fileRef = FA6018D623957CA80094EC23 /* extUIColor.swift */; };
		FA6018DB23957F910094EC23 /* CategorySelectorCell.swift in Sources */ = {isa = PBXBuildFile; fileRef = FA6018D923957F910094EC23 /* CategorySelectorCell.swift */; };
		FA6018DC23957F910094EC23 /* CategorySelectorCell.xib in Resources */ = {isa = PBXBuildFile; fileRef = FA6018DA23957F910094EC23 /* CategorySelectorCell.xib */; };
		FA6018DE2395818B0094EC23 /* extUIViewController.swift in Sources */ = {isa = PBXBuildFile; fileRef = FA6018DD2395818B0094EC23 /* extUIViewController.swift */; };
		FA6018E0239586520094EC23 /* extDishCategory.swift in Sources */ = {isa = PBXBuildFile; fileRef = FA6018DF239586520094EC23 /* extDishCategory.swift */; };
		FA6018E2239589B40094EC23 /* CategorySelectorFlowLayout.swift in Sources */ = {isa = PBXBuildFile; fileRef = FA6018E1239589B40094EC23 /* CategorySelectorFlowLayout.swift */; };
		FA6018E5239598650094EC23 /* CategorySelectorResultViewController.swift in Sources */ = {isa = PBXBuildFile; fileRef = FA6018E4239598640094EC23 /* CategorySelectorResultViewController.swift */; };
		FA6018E7239598D60094EC23 /* CategorySelectorResultContract.swift in Sources */ = {isa = PBXBuildFile; fileRef = FA6018E6239598D60094EC23 /* CategorySelectorResultContract.swift */; };
		FA6018E923959A540094EC23 /* CategorySelectorResultPresenter.swift in Sources */ = {isa = PBXBuildFile; fileRef = FA6018E823959A540094EC23 /* CategorySelectorResultPresenter.swift */; };
		FA6018EB23959B580094EC23 /* CategorySelectorResultRouter.swift in Sources */ = {isa = PBXBuildFile; fileRef = FA6018EA23959B580094EC23 /* CategorySelectorResultRouter.swift */; };
		FA6018ED23959C860094EC23 /* CategorySelectorResultViewController.xib in Resources */ = {isa = PBXBuildFile; fileRef = FA6018EC23959C860094EC23 /* CategorySelectorResultViewController.xib */; };
		FA6018F02395D5060094EC23 /* EmptyView.xib in Resources */ = {isa = PBXBuildFile; fileRef = FA6018EF2395D5060094EC23 /* EmptyView.xib */; };
		FA6018F22395D6160094EC23 /* EmptyView.swift in Sources */ = {isa = PBXBuildFile; fileRef = FA6018F12395D6150094EC23 /* EmptyView.swift */; };
		FA6018F42395D6CF0094EC23 /* ExtUIView.swift in Sources */ = {isa = PBXBuildFile; fileRef = FA6018F32395D6CF0094EC23 /* ExtUIView.swift */; };
/* End PBXBuildFile section */

/* Begin PBXContainerItemProxy section */
		FA601878239550780094EC23 /* PBXContainerItemProxy */ = {
			isa = PBXContainerItemProxy;
			containerPortal = FA60185B239550700094EC23 /* Project object */;
			proxyType = 1;
			remoteGlobalIDString = FA601862239550700094EC23;
			remoteInfo = MujigaeTest;
		};
/* End PBXContainerItemProxy section */

/* Begin PBXFileReference section */
		0363B20592605BB27F4FE410 /* Pods-MujigaeTestTests.debug.xcconfig */ = {isa = PBXFileReference; includeInIndex = 1; lastKnownFileType = text.xcconfig; name = "Pods-MujigaeTestTests.debug.xcconfig"; path = "Target Support Files/Pods-MujigaeTestTests/Pods-MujigaeTestTests.debug.xcconfig"; sourceTree = "<group>"; };
		3D32E5ABAED563DD6CFE8322 /* Pods_MujigaeTest.framework */ = {isa = PBXFileReference; explicitFileType = wrapper.framework; includeInIndex = 0; path = Pods_MujigaeTest.framework; sourceTree = BUILT_PRODUCTS_DIR; };
		41EE8582AA8ABE58D79D2BBB /* Pods-MujigaeTestTests.release.xcconfig */ = {isa = PBXFileReference; includeInIndex = 1; lastKnownFileType = text.xcconfig; name = "Pods-MujigaeTestTests.release.xcconfig"; path = "Target Support Files/Pods-MujigaeTestTests/Pods-MujigaeTestTests.release.xcconfig"; sourceTree = "<group>"; };
		A6B8835A430143F7B37B94F2 /* Pods-MujigaeTest.debug.xcconfig */ = {isa = PBXFileReference; includeInIndex = 1; lastKnownFileType = text.xcconfig; name = "Pods-MujigaeTest.debug.xcconfig"; path = "Target Support Files/Pods-MujigaeTest/Pods-MujigaeTest.debug.xcconfig"; sourceTree = "<group>"; };
		C8610C4C4D0F1063ED5030E9 /* Pods_MujigaeTestTests.framework */ = {isa = PBXFileReference; explicitFileType = wrapper.framework; includeInIndex = 0; path = Pods_MujigaeTestTests.framework; sourceTree = BUILT_PRODUCTS_DIR; };
		E3C8EF60C2C52F6DE102A81F /* Pods-MujigaeTest.release.xcconfig */ = {isa = PBXFileReference; includeInIndex = 1; lastKnownFileType = text.xcconfig; name = "Pods-MujigaeTest.release.xcconfig"; path = "Target Support Files/Pods-MujigaeTest/Pods-MujigaeTest.release.xcconfig"; sourceTree = "<group>"; };
		FA601863239550700094EC23 /* MujigaeTest.app */ = {isa = PBXFileReference; explicitFileType = wrapper.application; includeInIndex = 0; path = MujigaeTest.app; sourceTree = BUILT_PRODUCTS_DIR; };
		FA601866239550700094EC23 /* AppDelegate.swift */ = {isa = PBXFileReference; lastKnownFileType = sourcecode.swift; path = AppDelegate.swift; sourceTree = "<group>"; };
		FA60186D239550780094EC23 /* Assets.xcassets */ = {isa = PBXFileReference; lastKnownFileType = folder.assetcatalog; path = Assets.xcassets; sourceTree = "<group>"; };
		FA601870239550780094EC23 /* Base */ = {isa = PBXFileReference; lastKnownFileType = file.storyboard; name = Base; path = Base.lproj/LaunchScreen.storyboard; sourceTree = "<group>"; };
		FA601872239550780094EC23 /* Info.plist */ = {isa = PBXFileReference; lastKnownFileType = text.plist.xml; path = Info.plist; sourceTree = "<group>"; };
		FA601877239550780094EC23 /* MujigaeTestTests.xctest */ = {isa = PBXFileReference; explicitFileType = wrapper.cfbundle; includeInIndex = 0; path = MujigaeTestTests.xctest; sourceTree = BUILT_PRODUCTS_DIR; };
		FA60187B239550780094EC23 /* MujigaeTestTests.swift */ = {isa = PBXFileReference; lastKnownFileType = sourcecode.swift; path = MujigaeTestTests.swift; sourceTree = "<group>"; };
		FA60187D239550780094EC23 /* Info.plist */ = {isa = PBXFileReference; lastKnownFileType = text.plist.xml; path = Info.plist; sourceTree = "<group>"; };
		FA6018BE239572370094EC23 /* CategorySelectorContract.swift */ = {isa = PBXFileReference; lastKnownFileType = sourcecode.swift; path = CategorySelectorContract.swift; sourceTree = "<group>"; };
		FA6018BF239572370094EC23 /* CategorySelectorPresenter.swift */ = {isa = PBXFileReference; lastKnownFileType = sourcecode.swift; path = CategorySelectorPresenter.swift; sourceTree = "<group>"; };
		FA6018C0239572370094EC23 /* CategorySelectorRouter.swift */ = {isa = PBXFileReference; lastKnownFileType = sourcecode.swift; path = CategorySelectorRouter.swift; sourceTree = "<group>"; };
		FA6018C1239572370094EC23 /* CategorySelectorViewController.swift */ = {isa = PBXFileReference; lastKnownFileType = sourcecode.swift; path = CategorySelectorViewController.swift; sourceTree = "<group>"; };
		FA6018C2239572370094EC23 /* CategorySelectorInteractor.swift */ = {isa = PBXFileReference; lastKnownFileType = sourcecode.swift; path = CategorySelectorInteractor.swift; sourceTree = "<group>"; };
		FA6018C3239572370094EC23 /* CategorySelectorViewController.xib */ = {isa = PBXFileReference; lastKnownFileType = file.xib; path = CategorySelectorViewController.xib; sourceTree = "<group>"; };
		FA6018CC239574B90094EC23 /* NavigationExitType.swift */ = {isa = PBXFileReference; lastKnownFileType = sourcecode.swift; path = NavigationExitType.swift; sourceTree = "<group>"; };
		FA6018CF239578150094EC23 /* ProgressDialog.swift */ = {isa = PBXFileReference; lastKnownFileType = sourcecode.swift; path = ProgressDialog.swift; sourceTree = "<group>"; };
		FA6018D12395788C0094EC23 /* ModuleBuilder.swift */ = {isa = PBXFileReference; lastKnownFileType = sourcecode.swift; path = ModuleBuilder.swift; sourceTree = "<group>"; };
		FA6018D323957BD90094EC23 /* BaseButton.swift */ = {isa = PBXFileReference; lastKnownFileType = sourcecode.swift; path = BaseButton.swift; sourceTree = "<group>"; };
		FA6018D623957CA80094EC23 /* extUIColor.swift */ = {isa = PBXFileReference; lastKnownFileType = sourcecode.swift; path = extUIColor.swift; sourceTree = "<group>"; };
		FA6018D923957F910094EC23 /* CategorySelectorCell.swift */ = {isa = PBXFileReference; lastKnownFileType = sourcecode.swift; path = CategorySelectorCell.swift; sourceTree = "<group>"; };
		FA6018DA23957F910094EC23 /* CategorySelectorCell.xib */ = {isa = PBXFileReference; lastKnownFileType = file.xib; path = CategorySelectorCell.xib; sourceTree = "<group>"; };
		FA6018DD2395818B0094EC23 /* extUIViewController.swift */ = {isa = PBXFileReference; lastKnownFileType = sourcecode.swift; path = extUIViewController.swift; sourceTree = "<group>"; };
		FA6018DF239586520094EC23 /* extDishCategory.swift */ = {isa = PBXFileReference; lastKnownFileType = sourcecode.swift; path = extDishCategory.swift; sourceTree = "<group>"; };
		FA6018E1239589B40094EC23 /* CategorySelectorFlowLayout.swift */ = {isa = PBXFileReference; lastKnownFileType = sourcecode.swift; path = CategorySelectorFlowLayout.swift; sourceTree = "<group>"; };
		FA6018E4239598640094EC23 /* CategorySelectorResultViewController.swift */ = {isa = PBXFileReference; lastKnownFileType = sourcecode.swift; path = CategorySelectorResultViewController.swift; sourceTree = "<group>"; };
		FA6018E6239598D60094EC23 /* CategorySelectorResultContract.swift */ = {isa = PBXFileReference; lastKnownFileType = sourcecode.swift; path = CategorySelectorResultContract.swift; sourceTree = "<group>"; };
		FA6018E823959A540094EC23 /* CategorySelectorResultPresenter.swift */ = {isa = PBXFileReference; lastKnownFileType = sourcecode.swift; path = CategorySelectorResultPresenter.swift; sourceTree = "<group>"; };
		FA6018EA23959B580094EC23 /* CategorySelectorResultRouter.swift */ = {isa = PBXFileReference; lastKnownFileType = sourcecode.swift; path = CategorySelectorResultRouter.swift; sourceTree = "<group>"; };
		FA6018EC23959C860094EC23 /* CategorySelectorResultViewController.xib */ = {isa = PBXFileReference; lastKnownFileType = file.xib; path = CategorySelectorResultViewController.xib; sourceTree = "<group>"; };
		FA6018EF2395D5060094EC23 /* EmptyView.xib */ = {isa = PBXFileReference; lastKnownFileType = file.xib; path = EmptyView.xib; sourceTree = "<group>"; };
		FA6018F12395D6150094EC23 /* EmptyView.swift */ = {isa = PBXFileReference; lastKnownFileType = sourcecode.swift; path = EmptyView.swift; sourceTree = "<group>"; };
		FA6018F32395D6CF0094EC23 /* ExtUIView.swift */ = {isa = PBXFileReference; lastKnownFileType = sourcecode.swift; path = ExtUIView.swift; sourceTree = "<group>"; };
/* End PBXFileReference section */

/* Begin PBXFrameworksBuildPhase section */
		FA601860239550700094EC23 /* Frameworks */ = {
			isa = PBXFrameworksBuildPhase;
			buildActionMask = 2147483647;
			files = (
				3DA7CF1F4194D29E52BEFBD1 /* Pods_MujigaeTest.framework in Frameworks */,
			);
			runOnlyForDeploymentPostprocessing = 0;
		};
		FA601874239550780094EC23 /* Frameworks */ = {
			isa = PBXFrameworksBuildPhase;
			buildActionMask = 2147483647;
			files = (
				4E8F1732C7E502E9A8CC7B6D /* Pods_MujigaeTestTests.framework in Frameworks */,
			);
			runOnlyForDeploymentPostprocessing = 0;
		};
/* End PBXFrameworksBuildPhase section */

/* Begin PBXGroup section */
		39F2C143524AD22595EB8FE1 /* Pods */ = {
			isa = PBXGroup;
			children = (
				A6B8835A430143F7B37B94F2 /* Pods-MujigaeTest.debug.xcconfig */,
				E3C8EF60C2C52F6DE102A81F /* Pods-MujigaeTest.release.xcconfig */,
				0363B20592605BB27F4FE410 /* Pods-MujigaeTestTests.debug.xcconfig */,
				41EE8582AA8ABE58D79D2BBB /* Pods-MujigaeTestTests.release.xcconfig */,
			);
			path = Pods;
			sourceTree = "<group>";
		};
		C46DB2426C89C6242FBFCA78 /* Frameworks */ = {
			isa = PBXGroup;
			children = (
				3D32E5ABAED563DD6CFE8322 /* Pods_MujigaeTest.framework */,
				C8610C4C4D0F1063ED5030E9 /* Pods_MujigaeTestTests.framework */,
			);
			name = Frameworks;
			sourceTree = "<group>";
		};
		FA60185A239550700094EC23 = {
			isa = PBXGroup;
			children = (
				FA601865239550700094EC23 /* MujigaeTest */,
				FA60187A239550780094EC23 /* MujigaeTestTests */,
				FA601864239550700094EC23 /* Products */,
				39F2C143524AD22595EB8FE1 /* Pods */,
				C46DB2426C89C6242FBFCA78 /* Frameworks */,
			);
			sourceTree = "<group>";
		};
		FA601864239550700094EC23 /* Products */ = {
			isa = PBXGroup;
			children = (
				FA601863239550700094EC23 /* MujigaeTest.app */,
				FA601877239550780094EC23 /* MujigaeTestTests.xctest */,
			);
			name = Products;
			sourceTree = "<group>";
		};
		FA601865239550700094EC23 /* MujigaeTest */ = {
			isa = PBXGroup;
			children = (
				FA6018D523957C8C0094EC23 /* Extensions */,
				FA6018CE239577FD0094EC23 /* Views */,
				FA6018CB2395747A0094EC23 /* Utils */,
				FA6018BC239570F90094EC23 /* Modules */,
				FA601866239550700094EC23 /* AppDelegate.swift */,
				FA60186D239550780094EC23 /* Assets.xcassets */,
				FA60186F239550780094EC23 /* LaunchScreen.storyboard */,
				FA601872239550780094EC23 /* Info.plist */,
			);
			path = MujigaeTest;
			sourceTree = "<group>";
		};
		FA60187A239550780094EC23 /* MujigaeTestTests */ = {
			isa = PBXGroup;
			children = (
				FA60187B239550780094EC23 /* MujigaeTestTests.swift */,
				FA60187D239550780094EC23 /* Info.plist */,
			);
			path = MujigaeTestTests;
			sourceTree = "<group>";
		};
		FA6018BC239570F90094EC23 /* Modules */ = {
			isa = PBXGroup;
			children = (
				FA6018BD2395710A0094EC23 /* CategorySelector */,
			);
			path = Modules;
			sourceTree = "<group>";
		};
		FA6018BD2395710A0094EC23 /* CategorySelector */ = {
			isa = PBXGroup;
			children = (
				FA6018E32395981E0094EC23 /* CategorySelectorResult */,
				FA6018D823957F590094EC23 /* CategorySelectorCell */,
				FA6018BE239572370094EC23 /* CategorySelectorContract.swift */,
				FA6018BF239572370094EC23 /* CategorySelectorPresenter.swift */,
				FA6018C0239572370094EC23 /* CategorySelectorRouter.swift */,
				FA6018C1239572370094EC23 /* CategorySelectorViewController.swift */,
				FA6018C2239572370094EC23 /* CategorySelectorInteractor.swift */,
				FA6018C3239572370094EC23 /* CategorySelectorViewController.xib */,
				FA6018E1239589B40094EC23 /* CategorySelectorFlowLayout.swift */,
			);
			path = CategorySelector;
			sourceTree = "<group>";
		};
		FA6018CB2395747A0094EC23 /* Utils */ = {
			isa = PBXGroup;
			children = (
				FA6018CC239574B90094EC23 /* NavigationExitType.swift */,
				FA6018D12395788C0094EC23 /* ModuleBuilder.swift */,
			);
			path = Utils;
			sourceTree = "<group>";
		};
		FA6018CE239577FD0094EC23 /* Views */ = {
			isa = PBXGroup;
			children = (
				FA6018EE2395D4E40094EC23 /* EmptyView */,
				FA6018CF239578150094EC23 /* ProgressDialog.swift */,
				FA6018D323957BD90094EC23 /* BaseButton.swift */,
			);
			path = Views;
			sourceTree = "<group>";
		};
		FA6018D523957C8C0094EC23 /* Extensions */ = {
			isa = PBXGroup;
			children = (
				FA6018F32395D6CF0094EC23 /* ExtUIView.swift */,
				FA6018D623957CA80094EC23 /* extUIColor.swift */,
				FA6018DD2395818B0094EC23 /* extUIViewController.swift */,
				FA6018DF239586520094EC23 /* extDishCategory.swift */,
			);
			path = Extensions;
			sourceTree = "<group>";
		};
		FA6018D823957F590094EC23 /* CategorySelectorCell */ = {
			isa = PBXGroup;
			children = (
				FA6018D923957F910094EC23 /* CategorySelectorCell.swift */,
				FA6018DA23957F910094EC23 /* CategorySelectorCell.xib */,
			);
			path = CategorySelectorCell;
			sourceTree = "<group>";
		};
		FA6018E32395981E0094EC23 /* CategorySelectorResult */ = {
			isa = PBXGroup;
			children = (
				FA6018E4239598640094EC23 /* CategorySelectorResultViewController.swift */,
				FA6018E823959A540094EC23 /* CategorySelectorResultPresenter.swift */,
				FA6018EA23959B580094EC23 /* CategorySelectorResultRouter.swift */,
				FA6018EC23959C860094EC23 /* CategorySelectorResultViewController.xib */,
				FA6018E6239598D60094EC23 /* CategorySelectorResultContract.swift */,
			);
			path = CategorySelectorResult;
			sourceTree = "<group>";
		};
		FA6018EE2395D4E40094EC23 /* EmptyView */ = {
			isa = PBXGroup;
			children = (
				FA6018EF2395D5060094EC23 /* EmptyView.xib */,
				FA6018F12395D6150094EC23 /* EmptyView.swift */,
			);
			path = EmptyView;
			sourceTree = "<group>";
		};
/* End PBXGroup section */

/* Begin PBXNativeTarget section */
		FA601862239550700094EC23 /* MujigaeTest */ = {
			isa = PBXNativeTarget;
			buildConfigurationList = FA601880239550780094EC23 /* Build configuration list for PBXNativeTarget "MujigaeTest" */;
			buildPhases = (
				42DA4523A8A6FA9E2D60F47A /* [CP] Check Pods Manifest.lock */,
				FA60185F239550700094EC23 /* Sources */,
				FA601860239550700094EC23 /* Frameworks */,
				FA601861239550700094EC23 /* Resources */,
				20B8B06B694353EAA30055AB /* [CP] Embed Pods Frameworks */,
			);
			buildRules = (
			);
			dependencies = (
			);
			name = MujigaeTest;
			productName = MujigaeTest;
			productReference = FA601863239550700094EC23 /* MujigaeTest.app */;
			productType = "com.apple.product-type.application";
		};
		FA601876239550780094EC23 /* MujigaeTestTests */ = {
			isa = PBXNativeTarget;
			buildConfigurationList = FA601883239550780094EC23 /* Build configuration list for PBXNativeTarget "MujigaeTestTests" */;
			buildPhases = (
				47F45047250EC8B7D71450CF /* [CP] Check Pods Manifest.lock */,
				FA601873239550780094EC23 /* Sources */,
				FA601874239550780094EC23 /* Frameworks */,
				FA601875239550780094EC23 /* Resources */,
			);
			buildRules = (
			);
			dependencies = (
				FA601879239550780094EC23 /* PBXTargetDependency */,
			);
			name = MujigaeTestTests;
			productName = MujigaeTestTests;
			productReference = FA601877239550780094EC23 /* MujigaeTestTests.xctest */;
			productType = "com.apple.product-type.bundle.unit-test";
		};
/* End PBXNativeTarget section */

/* Begin PBXProject section */
		FA60185B239550700094EC23 /* Project object */ = {
			isa = PBXProject;
			attributes = {
				LastSwiftUpdateCheck = 1010;
				LastUpgradeCheck = 1010;
				ORGANIZATIONNAME = "Aslam Azis";
				TargetAttributes = {
					FA601862239550700094EC23 = {
						CreatedOnToolsVersion = 10.1;
					};
					FA601876239550780094EC23 = {
						CreatedOnToolsVersion = 10.1;
						TestTargetID = FA601862239550700094EC23;
					};
				};
			};
			buildConfigurationList = FA60185E239550700094EC23 /* Build configuration list for PBXProject "MujigaeTest" */;
			compatibilityVersion = "Xcode 9.3";
			developmentRegion = en;
			hasScannedForEncodings = 0;
			knownRegions = (
				en,
				Base,
			);
			mainGroup = FA60185A239550700094EC23;
			productRefGroup = FA601864239550700094EC23 /* Products */;
			projectDirPath = "";
			projectRoot = "";
			targets = (
				FA601862239550700094EC23 /* MujigaeTest */,
				FA601876239550780094EC23 /* MujigaeTestTests */,
			);
		};
/* End PBXProject section */

/* Begin PBXResourcesBuildPhase section */
		FA601861239550700094EC23 /* Resources */ = {
			isa = PBXResourcesBuildPhase;
			buildActionMask = 2147483647;
			files = (
				FA6018DC23957F910094EC23 /* CategorySelectorCell.xib in Resources */,
				FA6018ED23959C860094EC23 /* CategorySelectorResultViewController.xib in Resources */,
				FA601871239550780094EC23 /* LaunchScreen.storyboard in Resources */,
				FA60186E239550780094EC23 /* Assets.xcassets in Resources */,
				FA6018F02395D5060094EC23 /* EmptyView.xib in Resources */,
				FA6018C9239572370094EC23 /* CategorySelectorViewController.xib in Resources */,
			);
			runOnlyForDeploymentPostprocessing = 0;
		};
		FA601875239550780094EC23 /* Resources */ = {
			isa = PBXResourcesBuildPhase;
			buildActionMask = 2147483647;
			files = (
			);
			runOnlyForDeploymentPostprocessing = 0;
		};
/* End PBXResourcesBuildPhase section */

/* Begin PBXShellScriptBuildPhase section */
		20B8B06B694353EAA30055AB /* [CP] Embed Pods Frameworks */ = {
			isa = PBXShellScriptBuildPhase;
			buildActionMask = 2147483647;
			files = (
			);
			inputFileListPaths = (
				"${PODS_ROOT}/Target Support Files/Pods-MujigaeTest/Pods-MujigaeTest-frameworks-${CONFIGURATION}-input-files.xcfilelist",
			);
			name = "[CP] Embed Pods Frameworks";
			outputFileListPaths = (
				"${PODS_ROOT}/Target Support Files/Pods-MujigaeTest/Pods-MujigaeTest-frameworks-${CONFIGURATION}-output-files.xcfilelist",
			);
			runOnlyForDeploymentPostprocessing = 0;
			shellPath = /bin/sh;
			shellScript = "\"${PODS_ROOT}/Target Support Files/Pods-MujigaeTest/Pods-MujigaeTest-frameworks.sh\"\n";
			showEnvVarsInLog = 0;
		};
		42DA4523A8A6FA9E2D60F47A /* [CP] Check Pods Manifest.lock */ = {
			isa = PBXShellScriptBuildPhase;
			buildActionMask = 2147483647;
			files = (
			);
			inputFileListPaths = (
			);
			inputPaths = (
				"${PODS_PODFILE_DIR_PATH}/Podfile.lock",
				"${PODS_ROOT}/Manifest.lock",
			);
			name = "[CP] Check Pods Manifest.lock";
			outputFileListPaths = (
			);
			outputPaths = (
				"$(DERIVED_FILE_DIR)/Pods-MujigaeTest-checkManifestLockResult.txt",
			);
			runOnlyForDeploymentPostprocessing = 0;
			shellPath = /bin/sh;
			shellScript = "diff \"${PODS_PODFILE_DIR_PATH}/Podfile.lock\" \"${PODS_ROOT}/Manifest.lock\" > /dev/null\nif [ $? != 0 ] ; then\n    # print error to STDERR\n    echo \"error: The sandbox is not in sync with the Podfile.lock. Run 'pod install' or update your CocoaPods installation.\" >&2\n    exit 1\nfi\n# This output is used by Xcode 'outputs' to avoid re-running this script phase.\necho \"SUCCESS\" > \"${SCRIPT_OUTPUT_FILE_0}\"\n";
			showEnvVarsInLog = 0;
		};
		47F45047250EC8B7D71450CF /* [CP] Check Pods Manifest.lock */ = {
			isa = PBXShellScriptBuildPhase;
			buildActionMask = 2147483647;
			files = (
			);
			inputFileListPaths = (
			);
			inputPaths = (
				"${PODS_PODFILE_DIR_PATH}/Podfile.lock",
				"${PODS_ROOT}/Manifest.lock",
			);
			name = "[CP] Check Pods Manifest.lock";
			outputFileListPaths = (
			);
			outputPaths = (
				"$(DERIVED_FILE_DIR)/Pods-MujigaeTestTests-checkManifestLockResult.txt",
			);
			runOnlyForDeploymentPostprocessing = 0;
			shellPath = /bin/sh;
			shellScript = "diff \"${PODS_PODFILE_DIR_PATH}/Podfile.lock\" \"${PODS_ROOT}/Manifest.lock\" > /dev/null\nif [ $? != 0 ] ; then\n    # print error to STDERR\n    echo \"error: The sandbox is not in sync with the Podfile.lock. Run 'pod install' or update your CocoaPods installation.\" >&2\n    exit 1\nfi\n# This output is used by Xcode 'outputs' to avoid re-running this script phase.\necho \"SUCCESS\" > \"${SCRIPT_OUTPUT_FILE_0}\"\n";
			showEnvVarsInLog = 0;
		};
/* End PBXShellScriptBuildPhase section */

/* Begin PBXSourcesBuildPhase section */
		FA60185F239550700094EC23 /* Sources */ = {
			isa = PBXSourcesBuildPhase;
			buildActionMask = 2147483647;
			files = (
				FA6018C8239572370094EC23 /* CategorySelectorInteractor.swift in Sources */,
				FA6018C4239572370094EC23 /* CategorySelectorContract.swift in Sources */,
				FA6018E5239598650094EC23 /* CategorySelectorResultViewController.swift in Sources */,
				FA6018EB23959B580094EC23 /* CategorySelectorResultRouter.swift in Sources */,
				FA6018C5239572370094EC23 /* CategorySelectorPresenter.swift in Sources */,
				FA6018E0239586520094EC23 /* extDishCategory.swift in Sources */,
				FA6018C7239572370094EC23 /* CategorySelectorViewController.swift in Sources */,
				FA6018E2239589B40094EC23 /* CategorySelectorFlowLayout.swift in Sources */,
				FA6018DE2395818B0094EC23 /* extUIViewController.swift in Sources */,
				FA6018D0239578150094EC23 /* ProgressDialog.swift in Sources */,
				FA6018D22395788C0094EC23 /* ModuleBuilder.swift in Sources */,
				FA6018E7239598D60094EC23 /* CategorySelectorResultContract.swift in Sources */,
				FA6018D423957BD90094EC23 /* BaseButton.swift in Sources */,
				FA6018F42395D6CF0094EC23 /* ExtUIView.swift in Sources */,
				FA6018CD239574B90094EC23 /* NavigationExitType.swift in Sources */,
				FA6018DB23957F910094EC23 /* CategorySelectorCell.swift in Sources */,
				FA6018E923959A540094EC23 /* CategorySelectorResultPresenter.swift in Sources */,
				FA6018F22395D6160094EC23 /* EmptyView.swift in Sources */,
				FA601867239550700094EC23 /* AppDelegate.swift in Sources */,
				FA6018C6239572370094EC23 /* CategorySelectorRouter.swift in Sources */,
				FA6018D723957CA80094EC23 /* extUIColor.swift in Sources */,
			);
			runOnlyForDeploymentPostprocessing = 0;
		};
		FA601873239550780094EC23 /* Sources */ = {
			isa = PBXSourcesBuildPhase;
			buildActionMask = 2147483647;
			files = (
				FA60187C239550780094EC23 /* MujigaeTestTests.swift in Sources */,
			);
			runOnlyForDeploymentPostprocessing = 0;
		};
/* End PBXSourcesBuildPhase section */

/* Begin PBXTargetDependency section */
		FA601879239550780094EC23 /* PBXTargetDependency */ = {
			isa = PBXTargetDependency;
			target = FA601862239550700094EC23 /* MujigaeTest */;
			targetProxy = FA601878239550780094EC23 /* PBXContainerItemProxy */;
		};
/* End PBXTargetDependency section */

/* Begin PBXVariantGroup section */
		FA60186F239550780094EC23 /* LaunchScreen.storyboard */ = {
			isa = PBXVariantGroup;
			children = (
				FA601870239550780094EC23 /* Base */,
			);
			name = LaunchScreen.storyboard;
			sourceTree = "<group>";
		};
/* End PBXVariantGroup section */

/* Begin XCBuildConfiguration section */
		FA60187E239550780094EC23 /* Debug */ = {
			isa = XCBuildConfiguration;
			buildSettings = {
				ALWAYS_SEARCH_USER_PATHS = NO;
				CLANG_ANALYZER_NONNULL = YES;
				CLANG_ANALYZER_NUMBER_OBJECT_CONVERSION = YES_AGGRESSIVE;
				CLANG_CXX_LANGUAGE_STANDARD = "gnu++14";
				CLANG_CXX_LIBRARY = "libc++";
				CLANG_ENABLE_MODULES = YES;
				CLANG_ENABLE_OBJC_ARC = YES;
				CLANG_ENABLE_OBJC_WEAK = YES;
				CLANG_WARN_BLOCK_CAPTURE_AUTORELEASING = YES;
				CLANG_WARN_BOOL_CONVERSION = YES;
				CLANG_WARN_COMMA = YES;
				CLANG_WARN_CONSTANT_CONVERSION = YES;
				CLANG_WARN_DEPRECATED_OBJC_IMPLEMENTATIONS = YES;
				CLANG_WARN_DIRECT_OBJC_ISA_USAGE = YES_ERROR;
				CLANG_WARN_DOCUMENTATION_COMMENTS = YES;
				CLANG_WARN_EMPTY_BODY = YES;
				CLANG_WARN_ENUM_CONVERSION = YES;
				CLANG_WARN_INFINITE_RECURSION = YES;
				CLANG_WARN_INT_CONVERSION = YES;
				CLANG_WARN_NON_LITERAL_NULL_CONVERSION = YES;
				CLANG_WARN_OBJC_IMPLICIT_RETAIN_SELF = YES;
				CLANG_WARN_OBJC_LITERAL_CONVERSION = YES;
				CLANG_WARN_OBJC_ROOT_CLASS = YES_ERROR;
				CLANG_WARN_RANGE_LOOP_ANALYSIS = YES;
				CLANG_WARN_STRICT_PROTOTYPES = YES;
				CLANG_WARN_SUSPICIOUS_MOVE = YES;
				CLANG_WARN_UNGUARDED_AVAILABILITY = YES_AGGRESSIVE;
				CLANG_WARN_UNREACHABLE_CODE = YES;
				CLANG_WARN__DUPLICATE_METHOD_MATCH = YES;
				CODE_SIGN_IDENTITY = "iPhone Developer";
				COPY_PHASE_STRIP = NO;
				DEBUG_INFORMATION_FORMAT = dwarf;
				ENABLE_STRICT_OBJC_MSGSEND = YES;
				ENABLE_TESTABILITY = YES;
				GCC_C_LANGUAGE_STANDARD = gnu11;
				GCC_DYNAMIC_NO_PIC = NO;
				GCC_NO_COMMON_BLOCKS = YES;
				GCC_OPTIMIZATION_LEVEL = 0;
				GCC_PREPROCESSOR_DEFINITIONS = (
					"DEBUG=1",
					"$(inherited)",
				);
				GCC_WARN_64_TO_32_BIT_CONVERSION = YES;
				GCC_WARN_ABOUT_RETURN_TYPE = YES_ERROR;
				GCC_WARN_UNDECLARED_SELECTOR = YES;
				GCC_WARN_UNINITIALIZED_AUTOS = YES_AGGRESSIVE;
				GCC_WARN_UNUSED_FUNCTION = YES;
				GCC_WARN_UNUSED_VARIABLE = YES;
				IPHONEOS_DEPLOYMENT_TARGET = 12.1;
				MTL_ENABLE_DEBUG_INFO = INCLUDE_SOURCE;
				MTL_FAST_MATH = YES;
				ONLY_ACTIVE_ARCH = YES;
				SDKROOT = iphoneos;
				SWIFT_ACTIVE_COMPILATION_CONDITIONS = DEBUG;
				SWIFT_OPTIMIZATION_LEVEL = "-Onone";
			};
			name = Debug;
		};
		FA60187F239550780094EC23 /* Release */ = {
			isa = XCBuildConfiguration;
			buildSettings = {
				ALWAYS_SEARCH_USER_PATHS = NO;
				CLANG_ANALYZER_NONNULL = YES;
				CLANG_ANALYZER_NUMBER_OBJECT_CONVERSION = YES_AGGRESSIVE;
				CLANG_CXX_LANGUAGE_STANDARD = "gnu++14";
				CLANG_CXX_LIBRARY = "libc++";
				CLANG_ENABLE_MODULES = YES;
				CLANG_ENABLE_OBJC_ARC = YES;
				CLANG_ENABLE_OBJC_WEAK = YES;
				CLANG_WARN_BLOCK_CAPTURE_AUTORELEASING = YES;
				CLANG_WARN_BOOL_CONVERSION = YES;
				CLANG_WARN_COMMA = YES;
				CLANG_WARN_CONSTANT_CONVERSION = YES;
				CLANG_WARN_DEPRECATED_OBJC_IMPLEMENTATIONS = YES;
				CLANG_WARN_DIRECT_OBJC_ISA_USAGE = YES_ERROR;
				CLANG_WARN_DOCUMENTATION_COMMENTS = YES;
				CLANG_WARN_EMPTY_BODY = YES;
				CLANG_WARN_ENUM_CONVERSION = YES;
				CLANG_WARN_INFINITE_RECURSION = YES;
				CLANG_WARN_INT_CONVERSION = YES;
				CLANG_WARN_NON_LITERAL_NULL_CONVERSION = YES;
				CLANG_WARN_OBJC_IMPLICIT_RETAIN_SELF = YES;
				CLANG_WARN_OBJC_LITERAL_CONVERSION = YES;
				CLANG_WARN_OBJC_ROOT_CLASS = YES_ERROR;
				CLANG_WARN_RANGE_LOOP_ANALYSIS = YES;
				CLANG_WARN_STRICT_PROTOTYPES = YES;
				CLANG_WARN_SUSPICIOUS_MOVE = YES;
				CLANG_WARN_UNGUARDED_AVAILABILITY = YES_AGGRESSIVE;
				CLANG_WARN_UNREACHABLE_CODE = YES;
				CLANG_WARN__DUPLICATE_METHOD_MATCH = YES;
				CODE_SIGN_IDENTITY = "iPhone Developer";
				COPY_PHASE_STRIP = NO;
				DEBUG_INFORMATION_FORMAT = "dwarf-with-dsym";
				ENABLE_NS_ASSERTIONS = NO;
				ENABLE_STRICT_OBJC_MSGSEND = YES;
				GCC_C_LANGUAGE_STANDARD = gnu11;
				GCC_NO_COMMON_BLOCKS = YES;
				GCC_WARN_64_TO_32_BIT_CONVERSION = YES;
				GCC_WARN_ABOUT_RETURN_TYPE = YES_ERROR;
				GCC_WARN_UNDECLARED_SELECTOR = YES;
				GCC_WARN_UNINITIALIZED_AUTOS = YES_AGGRESSIVE;
				GCC_WARN_UNUSED_FUNCTION = YES;
				GCC_WARN_UNUSED_VARIABLE = YES;
				IPHONEOS_DEPLOYMENT_TARGET = 12.1;
				MTL_ENABLE_DEBUG_INFO = NO;
				MTL_FAST_MATH = YES;
				SDKROOT = iphoneos;
				SWIFT_COMPILATION_MODE = wholemodule;
				SWIFT_OPTIMIZATION_LEVEL = "-O";
				VALIDATE_PRODUCT = YES;
			};
			name = Release;
		};
		FA601881239550780094EC23 /* Debug */ = {
			isa = XCBuildConfiguration;
			baseConfigurationReference = A6B8835A430143F7B37B94F2 /* Pods-MujigaeTest.debug.xcconfig */;
			buildSettings = {
				ASSETCATALOG_COMPILER_APPICON_NAME = AppIcon;
				BASE_URL = "http://188.166.224.83/mujigae";
				CODE_SIGN_STYLE = Automatic;
				INFOPLIST_FILE = MujigaeTest/Info.plist;
				LD_RUNPATH_SEARCH_PATHS = (
					"$(inherited)",
					"@executable_path/Frameworks",
				);
				PRODUCT_BUNDLE_IDENTIFIER = com.chegspro.MujigaeTest;
				PRODUCT_NAME = "$(TARGET_NAME)";
				SWIFT_VERSION = 4.2;
				TARGETED_DEVICE_FAMILY = "1,2";
			};
			name = Debug;
		};
		FA601882239550780094EC23 /* Release */ = {
			isa = XCBuildConfiguration;
			baseConfigurationReference = E3C8EF60C2C52F6DE102A81F /* Pods-MujigaeTest.release.xcconfig */;
			buildSettings = {
				ASSETCATALOG_COMPILER_APPICON_NAME = AppIcon;
				BASE_URL = "http://188.166.224.83/mujigae";
				CODE_SIGN_STYLE = Automatic;
				INFOPLIST_FILE = MujigaeTest/Info.plist;
				LD_RUNPATH_SEARCH_PATHS = (
					"$(inherited)",
					"@executable_path/Frameworks",
				);
				PRODUCT_BUNDLE_IDENTIFIER = com.chegspro.MujigaeTest;
				PRODUCT_NAME = "$(TARGET_NAME)";
				SWIFT_VERSION = 4.2;
				TARGETED_DEVICE_FAMILY = "1,2";
			};
			name = Release;
		};
		FA601884239550780094EC23 /* Debug */ = {
			isa = XCBuildConfiguration;
			baseConfigurationReference = 0363B20592605BB27F4FE410 /* Pods-MujigaeTestTests.debug.xcconfig */;
			buildSettings = {
				ALWAYS_EMBED_SWIFT_STANDARD_LIBRARIES = YES;
				BUNDLE_LOADER = "$(TEST_HOST)";
				CODE_SIGN_STYLE = Automatic;
				INFOPLIST_FILE = MujigaeTestTests/Info.plist;
				LD_RUNPATH_SEARCH_PATHS = (
					"$(inherited)",
					"@executable_path/Frameworks",
					"@loader_path/Frameworks",
				);
				PRODUCT_BUNDLE_IDENTIFIER = com.chegspro.MujigaeTestTests;
				PRODUCT_NAME = "$(TARGET_NAME)";
				SWIFT_VERSION = 4.2;
				TARGETED_DEVICE_FAMILY = "1,2";
				TEST_HOST = "$(BUILT_PRODUCTS_DIR)/MujigaeTest.app/MujigaeTest";
			};
			name = Debug;
		};
		FA601885239550780094EC23 /* Release */ = {
			isa = XCBuildConfiguration;
			baseConfigurationReference = 41EE8582AA8ABE58D79D2BBB /* Pods-MujigaeTestTests.release.xcconfig */;
			buildSettings = {
				ALWAYS_EMBED_SWIFT_STANDARD_LIBRARIES = YES;
				BUNDLE_LOADER = "$(TEST_HOST)";
				CODE_SIGN_STYLE = Automatic;
				INFOPLIST_FILE = MujigaeTestTests/Info.plist;
				LD_RUNPATH_SEARCH_PATHS = (
					"$(inherited)",
					"@executable_path/Frameworks",
					"@loader_path/Frameworks",
				);
				PRODUCT_BUNDLE_IDENTIFIER = com.chegspro.MujigaeTestTests;
				PRODUCT_NAME = "$(TARGET_NAME)";
				SWIFT_VERSION = 4.2;
				TARGETED_DEVICE_FAMILY = "1,2";
				TEST_HOST = "$(BUILT_PRODUCTS_DIR)/MujigaeTest.app/MujigaeTest";
			};
			name = Release;
		};
/* End XCBuildConfiguration section */

/* Begin XCConfigurationList section */
		FA60185E239550700094EC23 /* Build configuration list for PBXProject "MujigaeTest" */ = {
			isa = XCConfigurationList;
			buildConfigurations = (
				FA60187E239550780094EC23 /* Debug */,
				FA60187F239550780094EC23 /* Release */,
			);
			defaultConfigurationIsVisible = 0;
			defaultConfigurationName = Release;
		};
		FA601880239550780094EC23 /* Build configuration list for PBXNativeTarget "MujigaeTest" */ = {
			isa = XCConfigurationList;
			buildConfigurations = (
				FA601881239550780094EC23 /* Debug */,
				FA601882239550780094EC23 /* Release */,
			);
			defaultConfigurationIsVisible = 0;
			defaultConfigurationName = Release;
		};
		FA601883239550780094EC23 /* Build configuration list for PBXNativeTarget "MujigaeTestTests" */ = {
			isa = XCConfigurationList;
			buildConfigurations = (
				FA601884239550780094EC23 /* Debug */,
				FA601885239550780094EC23 /* Release */,
			);
			defaultConfigurationIsVisible = 0;
			defaultConfigurationName = Release;
		};
/* End XCConfigurationList section */
	};
	rootObject = FA60185B239550700094EC23 /* Project object */;
}
