// !$*UTF8*$!
{
	archiveVersion = 1;
	classes = {
	};
	objectVersion = 50;
	objects = {

/* Begin PBXBuildFile section */
		0459F30E2B6BCB08D0083B6C /* Pods_MujigaeTestTests.framework in Frameworks */ = {isa = PBXBuildFile; fileRef = 0B0AE43B736211BB98FBE6F5 /* Pods_MujigaeTestTests.framework */; };
		B8A2CB5EFE1CECE2B1BCBE34 /* Pods_MujigaeTest.framework in Frameworks */ = {isa = PBXBuildFile; fileRef = 82C819CB5C887F5E43CF712E /* Pods_MujigaeTest.framework */; };
		FA601867239550700094EC23 /* AppDelegate.swift in Sources */ = {isa = PBXBuildFile; fileRef = FA601866239550700094EC23 /* AppDelegate.swift */; };
		FA601869239550700094EC23 /* ViewController.swift in Sources */ = {isa = PBXBuildFile; fileRef = FA601868239550700094EC23 /* ViewController.swift */; };
		FA60186C239550700094EC23 /* Main.storyboard in Resources */ = {isa = PBXBuildFile; fileRef = FA60186A239550700094EC23 /* Main.storyboard */; };
		FA60186E239550780094EC23 /* Assets.xcassets in Resources */ = {isa = PBXBuildFile; fileRef = FA60186D239550780094EC23 /* Assets.xcassets */; };
		FA601871239550780094EC23 /* LaunchScreen.storyboard in Resources */ = {isa = PBXBuildFile; fileRef = FA60186F239550780094EC23 /* LaunchScreen.storyboard */; };
		FA60187C239550780094EC23 /* MujigaeTestTests.swift in Sources */ = {isa = PBXBuildFile; fileRef = FA60187B239550780094EC23 /* MujigaeTestTests.swift */; };
/* End PBXBuildFile section */

/* Begin PBXContainerItemProxy section */
		FA601878239550780094EC23 /* PBXContainerItemProxy */ = {
			isa = PBXContainerItemProxy;
			containerPortal = FA60185B239550700094EC23 /* Project object */;
			proxyType = 1;
			remoteGlobalIDString = FA601862239550700094EC23;
			remoteInfo = MujigaeTest;
		};
/* End PBXContainerItemProxy section */

/* Begin PBXFileReference section */
		0B0AE43B736211BB98FBE6F5 /* Pods_MujigaeTestTests.framework */ = {isa = PBXFileReference; explicitFileType = wrapper.framework; includeInIndex = 0; path = Pods_MujigaeTestTests.framework; sourceTree = BUILT_PRODUCTS_DIR; };
		809505A969FEF0EE78497D4E /* Pods-MujigaeTest.debug.xcconfig */ = {isa = PBXFileReference; includeInIndex = 1; lastKnownFileType = text.xcconfig; name = "Pods-MujigaeTest.debug.xcconfig"; path = "Target Support Files/Pods-MujigaeTest/Pods-MujigaeTest.debug.xcconfig"; sourceTree = "<group>"; };
		82C819CB5C887F5E43CF712E /* Pods_MujigaeTest.framework */ = {isa = PBXFileReference; explicitFileType = wrapper.framework; includeInIndex = 0; path = Pods_MujigaeTest.framework; sourceTree = BUILT_PRODUCTS_DIR; };
		835D01439ABAEC0D9D59D2CD /* Pods-MujigaeTestTests.release.xcconfig */ = {isa = PBXFileReference; includeInIndex = 1; lastKnownFileType = text.xcconfig; name = "Pods-MujigaeTestTests.release.xcconfig"; path = "Target Support Files/Pods-MujigaeTestTests/Pods-MujigaeTestTests.release.xcconfig"; sourceTree = "<group>"; };
		896D906396A9F8797CFFD487 /* Pods-MujigaeTest.release.xcconfig */ = {isa = PBXFileReference; includeInIndex = 1; lastKnownFileType = text.xcconfig; name = "Pods-MujigaeTest.release.xcconfig"; path = "Target Support Files/Pods-MujigaeTest/Pods-MujigaeTest.release.xcconfig"; sourceTree = "<group>"; };
		B11E8F8433A2A2E36D136FE0 /* Pods-MujigaeTestTests.debug.xcconfig */ = {isa = PBXFileReference; includeInIndex = 1; lastKnownFileType = text.xcconfig; name = "Pods-MujigaeTestTests.debug.xcconfig"; path = "Target Support Files/Pods-MujigaeTestTests/Pods-MujigaeTestTests.debug.xcconfig"; sourceTree = "<group>"; };
		FA601863239550700094EC23 /* MujigaeTest.app */ = {isa = PBXFileReference; explicitFileType = wrapper.application; includeInIndex = 0; path = MujigaeTest.app; sourceTree = BUILT_PRODUCTS_DIR; };
		FA601866239550700094EC23 /* AppDelegate.swift */ = {isa = PBXFileReference; lastKnownFileType = sourcecode.swift; path = AppDelegate.swift; sourceTree = "<group>"; };
		FA601868239550700094EC23 /* ViewController.swift */ = {isa = PBXFileReference; lastKnownFileType = sourcecode.swift; path = ViewController.swift; sourceTree = "<group>"; };
		FA60186B239550700094EC23 /* Base */ = {isa = PBXFileReference; lastKnownFileType = file.storyboard; name = Base; path = Base.lproj/Main.storyboard; sourceTree = "<group>"; };
		FA60186D239550780094EC23 /* Assets.xcassets */ = {isa = PBXFileReference; lastKnownFileType = folder.assetcatalog; path = Assets.xcassets; sourceTree = "<group>"; };
		FA601870239550780094EC23 /* Base */ = {isa = PBXFileReference; lastKnownFileType = file.storyboard; name = Base; path = Base.lproj/LaunchScreen.storyboard; sourceTree = "<group>"; };
		FA601872239550780094EC23 /* Info.plist */ = {isa = PBXFileReference; lastKnownFileType = text.plist.xml; path = Info.plist; sourceTree = "<group>"; };
		FA601877239550780094EC23 /* MujigaeTestTests.xctest */ = {isa = PBXFileReference; explicitFileType = wrapper.cfbundle; includeInIndex = 0; path = MujigaeTestTests.xctest; sourceTree = BUILT_PRODUCTS_DIR; };
		FA60187B239550780094EC23 /* MujigaeTestTests.swift */ = {isa = PBXFileReference; lastKnownFileType = sourcecode.swift; path = MujigaeTestTests.swift; sourceTree = "<group>"; };
		FA60187D239550780094EC23 /* Info.plist */ = {isa = PBXFileReference; lastKnownFileType = text.plist.xml; path = Info.plist; sourceTree = "<group>"; };
/* End PBXFileReference section */

/* Begin PBXFrameworksBuildPhase section */
		FA601860239550700094EC23 /* Frameworks */ = {
			isa = PBXFrameworksBuildPhase;
			buildActionMask = 2147483647;
			files = (
				B8A2CB5EFE1CECE2B1BCBE34 /* Pods_MujigaeTest.framework in Frameworks */,
			);
			runOnlyForDeploymentPostprocessing = 0;
		};
		FA601874239550780094EC23 /* Frameworks */ = {
			isa = PBXFrameworksBuildPhase;
			buildActionMask = 2147483647;
			files = (
				0459F30E2B6BCB08D0083B6C /* Pods_MujigaeTestTests.framework in Frameworks */,
			);
			runOnlyForDeploymentPostprocessing = 0;
		};
/* End PBXFrameworksBuildPhase section */

/* Begin PBXGroup section */
		39F2C143524AD22595EB8FE1 /* Pods */ = {
			isa = PBXGroup;
			children = (
				809505A969FEF0EE78497D4E /* Pods-MujigaeTest.debug.xcconfig */,
				896D906396A9F8797CFFD487 /* Pods-MujigaeTest.release.xcconfig */,
				B11E8F8433A2A2E36D136FE0 /* Pods-MujigaeTestTests.debug.xcconfig */,
				835D01439ABAEC0D9D59D2CD /* Pods-MujigaeTestTests.release.xcconfig */,
			);
			name = Pods;
			path = Pods;
			sourceTree = "<group>";
		};
		AD072BD100DB84E447E8750D /* Frameworks */ = {
			isa = PBXGroup;
			children = (
				82C819CB5C887F5E43CF712E /* Pods_MujigaeTest.framework */,
				0B0AE43B736211BB98FBE6F5 /* Pods_MujigaeTestTests.framework */,
			);
			name = Frameworks;
			sourceTree = "<group>";
		};
		FA60185A239550700094EC23 = {
			isa = PBXGroup;
			children = (
				FA601865239550700094EC23 /* MujigaeTest */,
				FA60187A239550780094EC23 /* MujigaeTestTests */,
				FA601864239550700094EC23 /* Products */,
				39F2C143524AD22595EB8FE1 /* Pods */,
				AD072BD100DB84E447E8750D /* Frameworks */,
			);
			sourceTree = "<group>";
		};
		FA601864239550700094EC23 /* Products */ = {
			isa = PBXGroup;
			children = (
				FA601863239550700094EC23 /* MujigaeTest.app */,
				FA601877239550780094EC23 /* MujigaeTestTests.xctest */,
			);
			name = Products;
			sourceTree = "<group>";
		};
		FA601865239550700094EC23 /* MujigaeTest */ = {
			isa = PBXGroup;
			children = (
				FA601866239550700094EC23 /* AppDelegate.swift */,
				FA601868239550700094EC23 /* ViewController.swift */,
				FA60186A239550700094EC23 /* Main.storyboard */,
				FA60186D239550780094EC23 /* Assets.xcassets */,
				FA60186F239550780094EC23 /* LaunchScreen.storyboard */,
				FA601872239550780094EC23 /* Info.plist */,
			);
			path = MujigaeTest;
			sourceTree = "<group>";
		};
		FA60187A239550780094EC23 /* MujigaeTestTests */ = {
			isa = PBXGroup;
			children = (
				FA60187B239550780094EC23 /* MujigaeTestTests.swift */,
				FA60187D239550780094EC23 /* Info.plist */,
			);
			path = MujigaeTestTests;
			sourceTree = "<group>";
		};
/* End PBXGroup section */

/* Begin PBXNativeTarget section */
		FA601862239550700094EC23 /* MujigaeTest */ = {
			isa = PBXNativeTarget;
			buildConfigurationList = FA601880239550780094EC23 /* Build configuration list for PBXNativeTarget "MujigaeTest" */;
			buildPhases = (
				8B5A03C4E1C8BA08A7B79DA9 /* [CP] Check Pods Manifest.lock */,
				FA60185F239550700094EC23 /* Sources */,
				FA601860239550700094EC23 /* Frameworks */,
				FA601861239550700094EC23 /* Resources */,
			);
			buildRules = (
			);
			dependencies = (
			);
			name = MujigaeTest;
			productName = MujigaeTest;
			productReference = FA601863239550700094EC23 /* MujigaeTest.app */;
			productType = "com.apple.product-type.application";
		};
		FA601876239550780094EC23 /* MujigaeTestTests */ = {
			isa = PBXNativeTarget;
			buildConfigurationList = FA601883239550780094EC23 /* Build configuration list for PBXNativeTarget "MujigaeTestTests" */;
			buildPhases = (
				722FAD960CFA000DDB88153D /* [CP] Check Pods Manifest.lock */,
				FA601873239550780094EC23 /* Sources */,
				FA601874239550780094EC23 /* Frameworks */,
				FA601875239550780094EC23 /* Resources */,
			);
			buildRules = (
			);
			dependencies = (
				FA601879239550780094EC23 /* PBXTargetDependency */,
			);
			name = MujigaeTestTests;
			productName = MujigaeTestTests;
			productReference = FA601877239550780094EC23 /* MujigaeTestTests.xctest */;
			productType = "com.apple.product-type.bundle.unit-test";
		};
/* End PBXNativeTarget section */

/* Begin PBXProject section */
		FA60185B239550700094EC23 /* Project object */ = {
			isa = PBXProject;
			attributes = {
				LastSwiftUpdateCheck = 1010;
				LastUpgradeCheck = 1010;
				ORGANIZATIONNAME = "Aslam Azis";
				TargetAttributes = {
					FA601862239550700094EC23 = {
						CreatedOnToolsVersion = 10.1;
					};
					FA601876239550780094EC23 = {
						CreatedOnToolsVersion = 10.1;
						TestTargetID = FA601862239550700094EC23;
					};
				};
			};
			buildConfigurationList = FA60185E239550700094EC23 /* Build configuration list for PBXProject "MujigaeTest" */;
			compatibilityVersion = "Xcode 9.3";
			developmentRegion = en;
			hasScannedForEncodings = 0;
			knownRegions = (
				en,
				Base,
			);
			mainGroup = FA60185A239550700094EC23;
			productRefGroup = FA601864239550700094EC23 /* Products */;
			projectDirPath = "";
			projectRoot = "";
			targets = (
				FA601862239550700094EC23 /* MujigaeTest */,
				FA601876239550780094EC23 /* MujigaeTestTests */,
			);
		};
/* End PBXProject section */

/* Begin PBXResourcesBuildPhase section */
		FA601861239550700094EC23 /* Resources */ = {
			isa = PBXResourcesBuildPhase;
			buildActionMask = 2147483647;
			files = (
				FA601871239550780094EC23 /* LaunchScreen.storyboard in Resources */,
				FA60186E239550780094EC23 /* Assets.xcassets in Resources */,
				FA60186C239550700094EC23 /* Main.storyboard in Resources */,
			);
			runOnlyForDeploymentPostprocessing = 0;
		};
		FA601875239550780094EC23 /* Resources */ = {
			isa = PBXResourcesBuildPhase;
			buildActionMask = 2147483647;
			files = (
			);
			runOnlyForDeploymentPostprocessing = 0;
		};
/* End PBXResourcesBuildPhase section */

/* Begin PBXShellScriptBuildPhase section */
		722FAD960CFA000DDB88153D /* [CP] Check Pods Manifest.lock */ = {
			isa = PBXShellScriptBuildPhase;
			buildActionMask = 2147483647;
			files = (
			);
			inputFileListPaths = (
			);
			inputPaths = (
				"${PODS_PODFILE_DIR_PATH}/Podfile.lock",
				"${PODS_ROOT}/Manifest.lock",
			);
			name = "[CP] Check Pods Manifest.lock";
			outputFileListPaths = (
			);
			outputPaths = (
				"$(DERIVED_FILE_DIR)/Pods-MujigaeTestTests-checkManifestLockResult.txt",
			);
			runOnlyForDeploymentPostprocessing = 0;
			shellPath = /bin/sh;
			shellScript = "diff \"${PODS_PODFILE_DIR_PATH}/Podfile.lock\" \"${PODS_ROOT}/Manifest.lock\" > /dev/null\nif [ $? != 0 ] ; then\n    # print error to STDERR\n    echo \"error: The sandbox is not in sync with the Podfile.lock. Run 'pod install' or update your CocoaPods installation.\" >&2\n    exit 1\nfi\n# This output is used by Xcode 'outputs' to avoid re-running this script phase.\necho \"SUCCESS\" > \"${SCRIPT_OUTPUT_FILE_0}\"\n";
			showEnvVarsInLog = 0;
		};
		8B5A03C4E1C8BA08A7B79DA9 /* [CP] Check Pods Manifest.lock */ = {
			isa = PBXShellScriptBuildPhase;
			buildActionMask = 2147483647;
			files = (
			);
			inputFileListPaths = (
			);
			inputPaths = (
				"${PODS_PODFILE_DIR_PATH}/Podfile.lock",
				"${PODS_ROOT}/Manifest.lock",
			);
			name = "[CP] Check Pods Manifest.lock";
			outputFileListPaths = (
			);
			outputPaths = (
				"$(DERIVED_FILE_DIR)/Pods-MujigaeTest-checkManifestLockResult.txt",
			);
			runOnlyForDeploymentPostprocessing = 0;
			shellPath = /bin/sh;
			shellScript = "diff \"${PODS_PODFILE_DIR_PATH}/Podfile.lock\" \"${PODS_ROOT}/Manifest.lock\" > /dev/null\nif [ $? != 0 ] ; then\n    # print error to STDERR\n    echo \"error: The sandbox is not in sync with the Podfile.lock. Run 'pod install' or update your CocoaPods installation.\" >&2\n    exit 1\nfi\n# This output is used by Xcode 'outputs' to avoid re-running this script phase.\necho \"SUCCESS\" > \"${SCRIPT_OUTPUT_FILE_0}\"\n";
			showEnvVarsInLog = 0;
		};
/* End PBXShellScriptBuildPhase section */

/* Begin PBXSourcesBuildPhase section */
		FA60185F239550700094EC23 /* Sources */ = {
			isa = PBXSourcesBuildPhase;
			buildActionMask = 2147483647;
			files = (
				FA601869239550700094EC23 /* ViewController.swift in Sources */,
				FA601867239550700094EC23 /* AppDelegate.swift in Sources */,
			);
			runOnlyForDeploymentPostprocessing = 0;
		};
		FA601873239550780094EC23 /* Sources */ = {
			isa = PBXSourcesBuildPhase;
			buildActionMask = 2147483647;
			files = (
				FA60187C239550780094EC23 /* MujigaeTestTests.swift in Sources */,
			);
			runOnlyForDeploymentPostprocessing = 0;
		};
/* End PBXSourcesBuildPhase section */

/* Begin PBXTargetDependency section */
		FA601879239550780094EC23 /* PBXTargetDependency */ = {
			isa = PBXTargetDependency;
			target = FA601862239550700094EC23 /* MujigaeTest */;
			targetProxy = FA601878239550780094EC23 /* PBXContainerItemProxy */;
		};
/* End PBXTargetDependency section */

/* Begin PBXVariantGroup section */
		FA60186A239550700094EC23 /* Main.storyboard */ = {
			isa = PBXVariantGroup;
			children = (
				FA60186B239550700094EC23 /* Base */,
			);
			name = Main.storyboard;
			sourceTree = "<group>";
		};
		FA60186F239550780094EC23 /* LaunchScreen.storyboard */ = {
			isa = PBXVariantGroup;
			children = (
				FA601870239550780094EC23 /* Base */,
			);
			name = LaunchScreen.storyboard;
			sourceTree = "<group>";
		};
/* End PBXVariantGroup section */

/* Begin XCBuildConfiguration section */
		FA60187E239550780094EC23 /* Debug */ = {
			isa = XCBuildConfiguration;
			buildSettings = {
				ALWAYS_SEARCH_USER_PATHS = NO;
				CLANG_ANALYZER_NONNULL = YES;
				CLANG_ANALYZER_NUMBER_OBJECT_CONVERSION = YES_AGGRESSIVE;
				CLANG_CXX_LANGUAGE_STANDARD = "gnu++14";
				CLANG_CXX_LIBRARY = "libc++";
				CLANG_ENABLE_MODULES = YES;
				CLANG_ENABLE_OBJC_ARC = YES;
				CLANG_ENABLE_OBJC_WEAK = YES;
				CLANG_WARN_BLOCK_CAPTURE_AUTORELEASING = YES;
				CLANG_WARN_BOOL_CONVERSION = YES;
				CLANG_WARN_COMMA = YES;
				CLANG_WARN_CONSTANT_CONVERSION = YES;
				CLANG_WARN_DEPRECATED_OBJC_IMPLEMENTATIONS = YES;
				CLANG_WARN_DIRECT_OBJC_ISA_USAGE = YES_ERROR;
				CLANG_WARN_DOCUMENTATION_COMMENTS = YES;
				CLANG_WARN_EMPTY_BODY = YES;
				CLANG_WARN_ENUM_CONVERSION = YES;
				CLANG_WARN_INFINITE_RECURSION = YES;
				CLANG_WARN_INT_CONVERSION = YES;
				CLANG_WARN_NON_LITERAL_NULL_CONVERSION = YES;
				CLANG_WARN_OBJC_IMPLICIT_RETAIN_SELF = YES;
				CLANG_WARN_OBJC_LITERAL_CONVERSION = YES;
				CLANG_WARN_OBJC_ROOT_CLASS = YES_ERROR;
				CLANG_WARN_RANGE_LOOP_ANALYSIS = YES;
				CLANG_WARN_STRICT_PROTOTYPES = YES;
				CLANG_WARN_SUSPICIOUS_MOVE = YES;
				CLANG_WARN_UNGUARDED_AVAILABILITY = YES_AGGRESSIVE;
				CLANG_WARN_UNREACHABLE_CODE = YES;
				CLANG_WARN__DUPLICATE_METHOD_MATCH = YES;
				CODE_SIGN_IDENTITY = "iPhone Developer";
				COPY_PHASE_STRIP = NO;
				DEBUG_INFORMATION_FORMAT = dwarf;
				ENABLE_STRICT_OBJC_MSGSEND = YES;
				ENABLE_TESTABILITY = YES;
				GCC_C_LANGUAGE_STANDARD = gnu11;
				GCC_DYNAMIC_NO_PIC = NO;
				GCC_NO_COMMON_BLOCKS = YES;
				GCC_OPTIMIZATION_LEVEL = 0;
				GCC_PREPROCESSOR_DEFINITIONS = (
					"DEBUG=1",
					"$(inherited)",
				);
				GCC_WARN_64_TO_32_BIT_CONVERSION = YES;
				GCC_WARN_ABOUT_RETURN_TYPE = YES_ERROR;
				GCC_WARN_UNDECLARED_SELECTOR = YES;
				GCC_WARN_UNINITIALIZED_AUTOS = YES_AGGRESSIVE;
				GCC_WARN_UNUSED_FUNCTION = YES;
				GCC_WARN_UNUSED_VARIABLE = YES;
				IPHONEOS_DEPLOYMENT_TARGET = 12.1;
				MTL_ENABLE_DEBUG_INFO = INCLUDE_SOURCE;
				MTL_FAST_MATH = YES;
				ONLY_ACTIVE_ARCH = YES;
				SDKROOT = iphoneos;
				SWIFT_ACTIVE_COMPILATION_CONDITIONS = DEBUG;
				SWIFT_OPTIMIZATION_LEVEL = "-Onone";
			};
			name = Debug;
		};
		FA60187F239550780094EC23 /* Release */ = {
			isa = XCBuildConfiguration;
			buildSettings = {
				ALWAYS_SEARCH_USER_PATHS = NO;
				CLANG_ANALYZER_NONNULL = YES;
				CLANG_ANALYZER_NUMBER_OBJECT_CONVERSION = YES_AGGRESSIVE;
				CLANG_CXX_LANGUAGE_STANDARD = "gnu++14";
				CLANG_CXX_LIBRARY = "libc++";
				CLANG_ENABLE_MODULES = YES;
				CLANG_ENABLE_OBJC_ARC = YES;
				CLANG_ENABLE_OBJC_WEAK = YES;
				CLANG_WARN_BLOCK_CAPTURE_AUTORELEASING = YES;
				CLANG_WARN_BOOL_CONVERSION = YES;
				CLANG_WARN_COMMA = YES;
				CLANG_WARN_CONSTANT_CONVERSION = YES;
				CLANG_WARN_DEPRECATED_OBJC_IMPLEMENTATIONS = YES;
				CLANG_WARN_DIRECT_OBJC_ISA_USAGE = YES_ERROR;
				CLANG_WARN_DOCUMENTATION_COMMENTS = YES;
				CLANG_WARN_EMPTY_BODY = YES;
				CLANG_WARN_ENUM_CONVERSION = YES;
				CLANG_WARN_INFINITE_RECURSION = YES;
				CLANG_WARN_INT_CONVERSION = YES;
				CLANG_WARN_NON_LITERAL_NULL_CONVERSION = YES;
				CLANG_WARN_OBJC_IMPLICIT_RETAIN_SELF = YES;
				CLANG_WARN_OBJC_LITERAL_CONVERSION = YES;
				CLANG_WARN_OBJC_ROOT_CLASS = YES_ERROR;
				CLANG_WARN_RANGE_LOOP_ANALYSIS = YES;
				CLANG_WARN_STRICT_PROTOTYPES = YES;
				CLANG_WARN_SUSPICIOUS_MOVE = YES;
				CLANG_WARN_UNGUARDED_AVAILABILITY = YES_AGGRESSIVE;
				CLANG_WARN_UNREACHABLE_CODE = YES;
				CLANG_WARN__DUPLICATE_METHOD_MATCH = YES;
				CODE_SIGN_IDENTITY = "iPhone Developer";
				COPY_PHASE_STRIP = NO;
				DEBUG_INFORMATION_FORMAT = "dwarf-with-dsym";
				ENABLE_NS_ASSERTIONS = NO;
				ENABLE_STRICT_OBJC_MSGSEND = YES;
				GCC_C_LANGUAGE_STANDARD = gnu11;
				GCC_NO_COMMON_BLOCKS = YES;
				GCC_WARN_64_TO_32_BIT_CONVERSION = YES;
				GCC_WARN_ABOUT_RETURN_TYPE = YES_ERROR;
				GCC_WARN_UNDECLARED_SELECTOR = YES;
				GCC_WARN_UNINITIALIZED_AUTOS = YES_AGGRESSIVE;
				GCC_WARN_UNUSED_FUNCTION = YES;
				GCC_WARN_UNUSED_VARIABLE = YES;
				IPHONEOS_DEPLOYMENT_TARGET = 12.1;
				MTL_ENABLE_DEBUG_INFO = NO;
				MTL_FAST_MATH = YES;
				SDKROOT = iphoneos;
				SWIFT_COMPILATION_MODE = wholemodule;
				SWIFT_OPTIMIZATION_LEVEL = "-O";
				VALIDATE_PRODUCT = YES;
			};
			name = Release;
		};
		FA601881239550780094EC23 /* Debug */ = {
			isa = XCBuildConfiguration;
			baseConfigurationReference = 809505A969FEF0EE78497D4E /* Pods-MujigaeTest.debug.xcconfig */;
			buildSettings = {
				ASSETCATALOG_COMPILER_APPICON_NAME = AppIcon;
				BASE_URL = "http://188.166.224.83/mujigae";
				CODE_SIGN_STYLE = Automatic;
				INFOPLIST_FILE = MujigaeTest/Info.plist;
				LD_RUNPATH_SEARCH_PATHS = (
					"$(inherited)",
					"@executable_path/Frameworks",
				);
				PRODUCT_BUNDLE_IDENTIFIER = com.chegspro.MujigaeTest;
				PRODUCT_NAME = "$(TARGET_NAME)";
				SWIFT_VERSION = 4.2;
				TARGETED_DEVICE_FAMILY = "1,2";
			};
			name = Debug;
		};
		FA601882239550780094EC23 /* Release */ = {
			isa = XCBuildConfiguration;
			baseConfigurationReference = 896D906396A9F8797CFFD487 /* Pods-MujigaeTest.release.xcconfig */;
			buildSettings = {
				ASSETCATALOG_COMPILER_APPICON_NAME = AppIcon;
				BASE_URL = "http://188.166.224.83/mujigae";
				CODE_SIGN_STYLE = Automatic;
				INFOPLIST_FILE = MujigaeTest/Info.plist;
				LD_RUNPATH_SEARCH_PATHS = (
					"$(inherited)",
					"@executable_path/Frameworks",
				);
				PRODUCT_BUNDLE_IDENTIFIER = com.chegspro.MujigaeTest;
				PRODUCT_NAME = "$(TARGET_NAME)";
				SWIFT_VERSION = 4.2;
				TARGETED_DEVICE_FAMILY = "1,2";
			};
			name = Release;
		};
		FA601884239550780094EC23 /* Debug */ = {
			isa = XCBuildConfiguration;
			baseConfigurationReference = B11E8F8433A2A2E36D136FE0 /* Pods-MujigaeTestTests.debug.xcconfig */;
			buildSettings = {
				ALWAYS_EMBED_SWIFT_STANDARD_LIBRARIES = YES;
				BUNDLE_LOADER = "$(TEST_HOST)";
				CODE_SIGN_STYLE = Automatic;
				INFOPLIST_FILE = MujigaeTestTests/Info.plist;
				LD_RUNPATH_SEARCH_PATHS = (
					"$(inherited)",
					"@executable_path/Frameworks",
					"@loader_path/Frameworks",
				);
				PRODUCT_BUNDLE_IDENTIFIER = com.chegspro.MujigaeTestTests;
				PRODUCT_NAME = "$(TARGET_NAME)";
				SWIFT_VERSION = 4.2;
				TARGETED_DEVICE_FAMILY = "1,2";
				TEST_HOST = "$(BUILT_PRODUCTS_DIR)/MujigaeTest.app/MujigaeTest";
			};
			name = Debug;
		};
		FA601885239550780094EC23 /* Release */ = {
			isa = XCBuildConfiguration;
			baseConfigurationReference = 835D01439ABAEC0D9D59D2CD /* Pods-MujigaeTestTests.release.xcconfig */;
			buildSettings = {
				ALWAYS_EMBED_SWIFT_STANDARD_LIBRARIES = YES;
				BUNDLE_LOADER = "$(TEST_HOST)";
				CODE_SIGN_STYLE = Automatic;
				INFOPLIST_FILE = MujigaeTestTests/Info.plist;
				LD_RUNPATH_SEARCH_PATHS = (
					"$(inherited)",
					"@executable_path/Frameworks",
					"@loader_path/Frameworks",
				);
				PRODUCT_BUNDLE_IDENTIFIER = com.chegspro.MujigaeTestTests;
				PRODUCT_NAME = "$(TARGET_NAME)";
				SWIFT_VERSION = 4.2;
				TARGETED_DEVICE_FAMILY = "1,2";
				TEST_HOST = "$(BUILT_PRODUCTS_DIR)/MujigaeTest.app/MujigaeTest";
			};
			name = Release;
		};
/* End XCBuildConfiguration section */

/* Begin XCConfigurationList section */
		FA60185E239550700094EC23 /* Build configuration list for PBXProject "MujigaeTest" */ = {
			isa = XCConfigurationList;
			buildConfigurations = (
				FA60187E239550780094EC23 /* Debug */,
				FA60187F239550780094EC23 /* Release */,
			);
			defaultConfigurationIsVisible = 0;
			defaultConfigurationName = Release;
		};
		FA601880239550780094EC23 /* Build configuration list for PBXNativeTarget "MujigaeTest" */ = {
			isa = XCConfigurationList;
			buildConfigurations = (
				FA601881239550780094EC23 /* Debug */,
				FA601882239550780094EC23 /* Release */,
			);
			defaultConfigurationIsVisible = 0;
			defaultConfigurationName = Release;
		};
		FA601883239550780094EC23 /* Build configuration list for PBXNativeTarget "MujigaeTestTests" */ = {
			isa = XCConfigurationList;
			buildConfigurations = (
				FA601884239550780094EC23 /* Debug */,
				FA601885239550780094EC23 /* Release */,
			);
			defaultConfigurationIsVisible = 0;
			defaultConfigurationName = Release;
		};
/* End XCConfigurationList section */
	};
	rootObject = FA60185B239550700094EC23 /* Project object */;
}
